
Microsoft Visual Studio Solution File, Format Version 11.00
# Visual Studio 2010
Project("{FAE04EC0-301F-11D3-BF4B-00C04F79EFBC}") = "Enum", "Enum\Enum.csproj", "{0FB60422-91C5-4923-8C8B-AD9F02C98DB3}"
EndProject
Project("{FAE04EC0-301F-11D3-BF4B-00C04F79EFBC}") = "Enum_H_Factory", "Enum_H_Factory\Enum_H_Factory.csproj", "{A807A9FE-3471-49D6-8465-DB14220B08EA}"
EndProject
Project("{8BC9CEB8-8B4A-11D0-8D11-00A0C91BC942}") = "SYS", "SYS\CommunicationServerCpp.vcxproj", "{E6CC615B-46DC-4F2A-9A45-96EC5782D652}"
EndProject
Project("{FAE04EC0-301F-11D3-BF4B-00C04F79EFBC}") = "UI", "UI\UI.csproj", "{1A6E2A54-7963-4462-B3B9-B01118E27AEA}"
EndProject
Global
	GlobalSection(SolutionConfigurationPlatforms) = preSolution
		Debug|Any CPU = Debug|Any CPU
		Debug|Mixed Platforms = Debug|Mixed Platforms
		Debug|Win32 = Debug|Win32
		Debug|x86 = Debug|x86
		Release|Any CPU = Release|Any CPU
		Release|Mixed Platforms = Release|Mixed Platforms
		Release|Win32 = Release|Win32
		Release|x86 = Release|x86
	EndGlobalSection
	GlobalSection(ProjectConfigurationPlatforms) = postSolution
		{0FB60422-91C5-4923-8C8B-AD9F02C98DB3}.Debug|Any CPU.ActiveCfg = Debug|Any CPU
		{0FB60422-91C5-4923-8C8B-AD9F02C98DB3}.Debug|Any CPU.Build.0 = Debug|Any CPU
		{0FB60422-91C5-4923-8C8B-AD9F02C98DB3}.Debug|Mixed Platforms.ActiveCfg = Debug|Any CPU
		{0FB60422-91C5-4923-8C8B-AD9F02C98DB3}.Debug|Mixed Platforms.Build.0 = Debug|Any CPU
		{0FB60422-91C5-4923-8C8B-AD9F02C98DB3}.Debug|Win32.ActiveCfg = Debug|Any CPU
		{0FB60422-91C5-4923-8C8B-AD9F02C98DB3}.Debug|x86.ActiveCfg = Debug|Any CPU
		{0FB60422-91C5-4923-8C8B-AD9F02C98DB3}.Release|Any CPU.ActiveCfg = Release|Any CPU
		{0FB60422-91C5-4923-8C8B-AD9F02C98DB3}.Release|Any CPU.Build.0 = Release|Any CPU
		{0FB60422-91C5-4923-8C8B-AD9F02C98DB3}.Release|Mixed Platforms.ActiveCfg = Release|Any CPU
		{0FB60422-91C5-4923-8C8B-AD9F02C98DB3}.Release|Mixed Platforms.Build.0 = Release|Any CPU
		{0FB60422-91C5-4923-8C8B-AD9F02C98DB3}.Release|Win32.ActiveCfg = Release|Any CPU
		{0FB60422-91C5-4923-8C8B-AD9F02C98DB3}.Release|x86.ActiveCfg = Release|Any CPU
		{A807A9FE-3471-49D6-8465-DB14220B08EA}.Debug|Any CPU.ActiveCfg = Debug|x86
		{A807A9FE-3471-49D6-8465-DB14220B08EA}.Debug|Mixed Platforms.ActiveCfg = Debug|x86
		{A807A9FE-3471-49D6-8465-DB14220B08EA}.Debug|Mixed Platforms.Build.0 = Debug|x86
		{A807A9FE-3471-49D6-8465-DB14220B08EA}.Debug|Win32.ActiveCfg = Debug|x86
		{A807A9FE-3471-49D6-8465-DB14220B08EA}.Debug|x86.ActiveCfg = Debug|x86
		{A807A9FE-3471-49D6-8465-DB14220B08EA}.Debug|x86.Build.0 = Debug|x86
		{A807A9FE-3471-49D6-8465-DB14220B08EA}.Release|Any CPU.ActiveCfg = Release|x86
		{A807A9FE-3471-49D6-8465-DB14220B08EA}.Release|Mixed Platforms.ActiveCfg = Release|x86
		{A807A9FE-3471-49D6-8465-DB14220B08EA}.Release|Mixed Platforms.Build.0 = Release|x86
		{A807A9FE-3471-49D6-8465-DB14220B08EA}.Release|Win32.ActiveCfg = Release|x86
		{A807A9FE-3471-49D6-8465-DB14220B08EA}.Release|x86.ActiveCfg = Release|x86
		{A807A9FE-3471-49D6-8465-DB14220B08EA}.Release|x86.Build.0 = Release|x86
		{E6CC615B-46DC-4F2A-9A45-96EC5782D652}.Debug|Any CPU.ActiveCfg = Debug|Win32
		{E6CC615B-46DC-4F2A-9A45-96EC5782D652}.Debug|Mixed Platforms.ActiveCfg = Debug|Win32
		{E6CC615B-46DC-4F2A-9A45-96EC5782D652}.Debug|Mixed Platforms.Build.0 = Debug|Win32
		{E6CC615B-46DC-4F2A-9A45-96EC5782D652}.Debug|Win32.ActiveCfg = Debug|Win32
		{E6CC615B-46DC-4F2A-9A45-96EC5782D652}.Debug|Win32.Build.0 = Debug|Win32
		{E6CC615B-46DC-4F2A-9A45-96EC5782D652}.Debug|x86.ActiveCfg = Debug|Win32
		{E6CC615B-46DC-4F2A-9A45-96EC5782D652}.Release|Any CPU.ActiveCfg = Release|Win32
		{E6CC615B-46DC-4F2A-9A45-96EC5782D652}.Release|Mixed Platforms.ActiveCfg = Release|Win32
		{E6CC615B-46DC-4F2A-9A45-96EC5782D652}.Release|Mixed Platforms.Build.0 = Release|Win32
		{E6CC615B-46DC-4F2A-9A45-96EC5782D652}.Release|Win32.ActiveCfg = Release|Win32
		{E6CC615B-46DC-4F2A-9A45-96EC5782D652}.Release|Win32.Build.0 = Release|Win32
		{E6CC615B-46DC-4F2A-9A45-96EC5782D652}.Release|x86.ActiveCfg = Release|Win32
		{1A6E2A54-7963-4462-B3B9-B01118E27AEA}.Debug|Any CPU.ActiveCfg = Debug|x86
		{1A6E2A54-7963-4462-B3B9-B01118E27AEA}.Debug|Mixed Platforms.ActiveCfg = Debug|x86
		{1A6E2A54-7963-4462-B3B9-B01118E27AEA}.Debug|Mixed Platforms.Build.0 = Debug|x86
		{1A6E2A54-7963-4462-B3B9-B01118E27AEA}.Debug|Win32.ActiveCfg = Debug|x86
		{1A6E2A54-7963-4462-B3B9-B01118E27AEA}.Debug|x86.ActiveCfg = Debug|x86
		{1A6E2A54-7963-4462-B3B9-B01118E27AEA}.Debug|x86.Build.0 = Debug|x86
		{1A6E2A54-7963-4462-B3B9-B01118E27AEA}.Release|Any CPU.ActiveCfg = Release|x86
		{1A6E2A54-7963-4462-B3B9-B01118E27AEA}.Release|Mixed Platforms.ActiveCfg = Release|x86
		{1A6E2A54-7963-4462-B3B9-B01118E27AEA}.Release|Mixed Platforms.Build.0 = Release|x86
		{1A6E2A54-7963-4462-B3B9-B01118E27AEA}.Release|Win32.ActiveCfg = Release|x86
		{1A6E2A54-7963-4462-B3B9-B01118E27AEA}.Release|x86.ActiveCfg = Release|x86
		{1A6E2A54-7963-4462-B3B9-B01118E27AEA}.Release|x86.Build.0 = Release|x86
	EndGlobalSection
	GlobalSection(SolutionProperties) = preSolution
		HideSolutionNode = FALSE
	EndGlobalSection
EndGlobal
